
Microsoft Visual Studio Solution File, Format Version 12.00
# Visual Studio Version 17
VisualStudioVersion = 17.5.33312.197
MinimumVisualStudioVersion = 10.0.40219.1
Project("{FAE04EC0-301F-11D3-BF4B-00C04F79EFBC}") = "tesTokenizer", "tesTokenizer\tesTokenizer.csproj", "{53D62E2A-6024-42B7-93C2-5574E2939083}"
EndProject
Global
	GlobalSection(SolutionConfigurationPlatforms) = preSolution
		Debug|Any CPU = Debug|Any CPU
		Debug|x64 = Debug|x64
		Release|Any CPU = Release|Any CPU
		Release|x64 = Release|x64
	EndGlobalSection
	GlobalSection(ProjectConfigurationPlatforms) = postSolution
		{53D62E2A-6024-42B7-93C2-5574E2939083}.Debug|Any CPU.ActiveCfg = Debug|Any CPU
		{53D62E2A-6024-42B7-93C2-5574E2939083}.Debug|Any CPU.Build.0 = Debug|Any CPU
		{53D62E2A-6024-42B7-93C2-5574E2939083}.Debug|x64.ActiveCfg = Debug|x64
		{53D62E2A-6024-42B7-93C2-5574E2939083}.Debug|x64.Build.0 = Debug|x64
		{53D62E2A-6024-42B7-93C2-5574E2939083}.Release|Any CPU.ActiveCfg = Release|Any CPU
		{53D62E2A-6024-42B7-93C2-5574E2939083}.Release|Any CPU.Build.0 = Release|Any CPU
		{53D62E2A-6024-42B7-93C2-5574E2939083}.Release|x64.ActiveCfg = Release|x64
		{53D62E2A-6024-42B7-93C2-5574E2939083}.Release|x64.Build.0 = Release|x64
	EndGlobalSection
	GlobalSection(SolutionProperties) = preSolution
		HideSolutionNode = FALSE
	EndGlobalSection
	GlobalSection(ExtensibilityGlobals) = postSolution
		SolutionGuid = {DD3CF8C8-48A9-43C9-9D1F-0809DB3A325C}
	EndGlobalSection
EndGlobal
